{
  "nodes": {
    "home-manager": {
      "inputs": {
        "nixpkgs": [
          "nixpkgs"
        ]
      },
      "locked": {
        "lastModified": 1775425411,
        "narHash": "sha256-KY6HsebJHEe5nHOWP7ur09mb0drGxYSzE3rQxy62rJo=",
        "owner": "nix-community",
        "repo": "home-manager",
        "rev": "0d02ec1d0a05f88ef9e74b516842900c41f0f2fe",
        "type": "github"
      },
      "original": {
        "owner": "nix-community",
        "ref": "release-25.11",
        "repo": "home-manager",
        "type": "github"
      }
    },
    "libnbtplusplus": {
      "flake": false,
      "locked": {
        "lastModified": 1772016279,
        "narHash": "sha256-7itkptyjoRcXfGLwg1/jxajetZ3a4mDc66+w4X6yW8s=",
        "owner": "PrismLauncher",
        "repo": "libnbtplusplus",
        "rev": "687e43031df0dc641984b4256bcca50d5b3f7de3",
        "type": "github"
      },
      "original": {
        "owner": "PrismLauncher",
        "repo": "libnbtplusplus",
        "type": "github"
      }
    },
    "minecraft": {
      "inputs": {
        "libnbtplusplus": "libnbtplusplus",
        "nixpkgs": "nixpkgs"
      },
      "locked": {
        "lastModified": 1776303232,
        "narHash": "sha256-GduEzcuLb4ciMqeWQt3BO4y+V7Mgqsai3q/Kse7EusY=",
        "owner": "hero-persson",
        "repo": "FjordLauncherUnlocked",
        "rev": "26de12b3d28118b31e90cd5e39269dd2b846bdb8",
        "type": "github"
      },
      "original": {
        "owner": "hero-persson",
        "repo": "FjordLauncherUnlocked",
        "type": "github"
      }
    },
    "nixpkgs": {
      "locked": {
        "lastModified": 1776548001,
        "narHash": "sha256-qH3mBrZnNsPdwpAgvG2Olgzsp5kt+Sibpm1tx1pxkcQ=",
        "rev": "b12141ef619e0a9c1c84dc8c684040326f27cdcc",
        "type": "tarball",
        "url": "https://releases.nixos.org/nixos/unstable/nixos-26.05pre982522.b12141ef619e/nixexprs.tar.xz"
      },
      "original": {
        "type": "tarball",
        "url": "https://channels.nixos.org/nixos-unstable/nixexprs.tar.xz"
      }
    },
    "nixpkgs_2": {
      "locked": {
        "lastModified": 1776434932,
        "narHash": "sha256-gyqXNMgk3sh+ogY5svd2eNLJ6oEwzbAeaoBrrxD0lKk=",
        "owner": "NixOS",
        "repo": "nixpkgs",
        "rev": "c7f47036d3df2add644c46d712d14262b7d86c0c",
        "type": "github"
      },
      "original": {
        "id": "nixpkgs",
        "ref": "nixos-25.11",
        "type": "indirect"
      }
    },
    "noctalia": {
      "inputs": {
        "nixpkgs": [
          "nixpkgs"
        ],
        "noctalia-qs": "noctalia-qs"
      },
      "locked": {
        "lastModified": 1776734539,
        "narHash": "sha256-jERXeeyV/c9nrXEoYhfgsRJ/KodsBWJ01B/oZMBS1vk=",
        "owner": "noctalia-dev",
        "repo": "noctalia-shell",
        "rev": "fc43ab5c38f6eeceef0734d7b0ef011557b612a4",
        "type": "github"
      },
      "original": {
        "owner": "noctalia-dev",
        "repo": "noctalia-shell",
        "type": "github"
      }
    },
    "noctalia-qs": {
      "inputs": {
        "nixpkgs": [
          "noctalia",
          "nixpkgs"
        ],
        "systems": "systems",
        "treefmt-nix": "treefmt-nix"
      },
      "locked": {
        "lastModified": 1776585574,
        "narHash": "sha256-j35EWhKoGhKrfcXcAOpoRVgXEPQt41Eukji/h59cnjk=",
        "owner": "noctalia-dev",
        "repo": "noctalia-qs",
        "rev": "75d180c28a9ab4470e980f3d6f706ad6c5213add",
        "type": "github"
      },
      "original": {
        "owner": "noctalia-dev",
        "repo": "noctalia-qs",
        "type": "github"
      }
    },
    "root": {
      "inputs": {
        "home-manager": "home-manager",
        "minecraft": "minecraft",
        "nixpkgs": "nixpkgs_2",
        "noctalia": "noctalia",
        "zen-browser": "zen-browser"
      }
    },
    "systems": {
      "locked": {
        "lastModified": 1689347949,
        "narHash": "sha256-12tWmuL2zgBgZkdoB6qXZsgJEH9LR3oUgpaQq2RbI80=",
        "owner": "nix-systems",
        "repo": "default-linux",
        "rev": "31732fcf5e8fea42e59c2488ad31a0e651500f68",
        "type": "github"
      },
      "original": {
        "owner": "nix-systems",
        "repo": "default-linux",
        "type": "github"
      }
    },
    "treefmt-nix": {
      "inputs": {
        "nixpkgs": [
          "noctalia",
          "noctalia-qs",
          "nixpkgs"
        ]
      },
      "locked": {
        "lastModified": 1775636079,
        "narHash": "sha256-pc20NRoMdiar8oPQceQT47UUZMBTiMdUuWrYu2obUP0=",
        "owner": "numtide",
        "repo": "treefmt-nix",
        "rev": "790751ff7fd3801feeaf96d7dc416a8d581265ba",
        "type": "github"
      },
      "original": {
        "owner": "numtide",
        "repo": "treefmt-nix",
        "type": "github"
      }
    },
    "zen-browser": {
      "inputs": {
        "nixpkgs": [
          "nixpkgs"
        ]
      },
      "locked": {
        "lastModified": 1775710180,
        "narHash": "sha256-sCokvdNvl8zIzsnjgG0TN5h3RUI7GJyWW9ErfmEj0rM=",
        "owner": "youwen5",
        "repo": "zen-browser-flake",
        "rev": "2c138beb648d1cbbfae76695a8230ee04e4db25a",
        "type": "github"
      },
      "original": {
        "owner": "youwen5",
        "repo": "zen-browser-flake",
        "type": "github"
      }
    }
  },
  "root": "root",
  "version": 7
}
